
Microsoft Visual Studio Solution File, Format Version 12.00
# Visual Studio Version 17
VisualStudioVersion = 17.7.34031.279
MinimumVisualStudioVersion = 10.0.40219.1
Project("{FAE04EC0-301F-11D3-BF4B-00C04F79EFBC}") = "CFP4-11review", "CFP4-11review\CFP4-11review.csproj", "{3CE33C11-2AB4-4712-9E9B-9CD0B8EFE481}"
EndProject
Global
	GlobalSection(SolutionConfigurationPlatforms) = preSolution
		Debug|Any CPU = Debug|Any CPU
		Release|Any CPU = Release|Any CPU
	EndGlobalSection
	GlobalSection(ProjectConfigurationPlatforms) = postSolution
		{3CE33C11-2AB4-4712-9E9B-9CD0B8EFE481}.Debug|Any CPU.ActiveCfg = Debug|Any CPU
		{3CE33C11-2AB4-4712-9E9B-9CD0B8EFE481}.Debug|Any CPU.Build.0 = Debug|Any CPU
		{3CE33C11-2AB4-4712-9E9B-9CD0B8EFE481}.Release|Any CPU.ActiveCfg = Release|Any CPU
		{3CE33C11-2AB4-4712-9E9B-9CD0B8EFE481}.Release|Any CPU.Build.0 = Release|Any CPU
	EndGlobalSection
	GlobalSection(SolutionProperties) = preSolution
		HideSolutionNode = FALSE
	EndGlobalSection
	GlobalSection(ExtensibilityGlobals) = postSolution
		SolutionGuid = {866242F6-C17F-4DD6-8513-CEF908FE9701}
	EndGlobalSection
EndGlobal
