
Microsoft Visual Studio Solution File, Format Version 12.00
# Visual Studio Version 17
VisualStudioVersion = 17.5.33516.290
MinimumVisualStudioVersion = 10.0.40219.1
Project("{FAE04EC0-301F-11D3-BF4B-00C04F79EFBC}") = "Operatoroverloading", "Operatoroverloading\Operatoroverloading.csproj", "{0B947F99-3271-47CB-8625-83C6A40D2F4A}"
EndProject
Global
	GlobalSection(SolutionConfigurationPlatforms) = preSolution
		Debug|Any CPU = Debug|Any CPU
		Release|Any CPU = Release|Any CPU
	EndGlobalSection
	GlobalSection(ProjectConfigurationPlatforms) = postSolution
		{0B947F99-3271-47CB-8625-83C6A40D2F4A}.Debug|Any CPU.ActiveCfg = Debug|Any CPU
		{0B947F99-3271-47CB-8625-83C6A40D2F4A}.Debug|Any CPU.Build.0 = Debug|Any CPU
		{0B947F99-3271-47CB-8625-83C6A40D2F4A}.Release|Any CPU.ActiveCfg = Release|Any CPU
		{0B947F99-3271-47CB-8625-83C6A40D2F4A}.Release|Any CPU.Build.0 = Release|Any CPU
	EndGlobalSection
	GlobalSection(SolutionProperties) = preSolution
		HideSolutionNode = FALSE
	EndGlobalSection
	GlobalSection(ExtensibilityGlobals) = postSolution
		SolutionGuid = {6363CB34-8085-44C9-BABD-CD72EA5CB38F}
	EndGlobalSection
EndGlobal
