
Microsoft Visual Studio Solution File, Format Version 12.00
# Visual Studio Version 17
VisualStudioVersion = 17.5.33516.290
MinimumVisualStudioVersion = 10.0.40219.1
Project("{9A19103F-16F7-4668-BE54-9A1E7A4F7556}") = "abstractmethod", "abstractmethod\abstractmethod.csproj", "{330EE1C7-B7F1-4F98-B1C4-FD3DDE7EE006}"
EndProject
Project("{9A19103F-16F7-4668-BE54-9A1E7A4F7556}") = "application", "application\application.csproj", "{6A3A9AB1-AE38-472A-B3BF-8FEC3807FFDD}"
EndProject
Project("{FAE04EC0-301F-11D3-BF4B-00C04F79EFBC}") = "interfacep", "interfacep\interfacep.csproj", "{B2AB5720-D3A8-461D-8A76-9A62DD3AA165}"
EndProject
Global
	GlobalSection(SolutionConfigurationPlatforms) = preSolution
		Debug|Any CPU = Debug|Any CPU
		Release|Any CPU = Release|Any CPU
	EndGlobalSection
	GlobalSection(ProjectConfigurationPlatforms) = postSolution
		{330EE1C7-B7F1-4F98-B1C4-FD3DDE7EE006}.Debug|Any CPU.ActiveCfg = Debug|Any CPU
		{330EE1C7-B7F1-4F98-B1C4-FD3DDE7EE006}.Debug|Any CPU.Build.0 = Debug|Any CPU
		{330EE1C7-B7F1-4F98-B1C4-FD3DDE7EE006}.Release|Any CPU.ActiveCfg = Release|Any CPU
		{330EE1C7-B7F1-4F98-B1C4-FD3DDE7EE006}.Release|Any CPU.Build.0 = Release|Any CPU
		{6A3A9AB1-AE38-472A-B3BF-8FEC3807FFDD}.Debug|Any CPU.ActiveCfg = Debug|Any CPU
		{6A3A9AB1-AE38-472A-B3BF-8FEC3807FFDD}.Debug|Any CPU.Build.0 = Debug|Any CPU
		{6A3A9AB1-AE38-472A-B3BF-8FEC3807FFDD}.Release|Any CPU.ActiveCfg = Release|Any CPU
		{6A3A9AB1-AE38-472A-B3BF-8FEC3807FFDD}.Release|Any CPU.Build.0 = Release|Any CPU
		{B2AB5720-D3A8-461D-8A76-9A62DD3AA165}.Debug|Any CPU.ActiveCfg = Debug|Any CPU
		{B2AB5720-D3A8-461D-8A76-9A62DD3AA165}.Debug|Any CPU.Build.0 = Debug|Any CPU
		{B2AB5720-D3A8-461D-8A76-9A62DD3AA165}.Release|Any CPU.ActiveCfg = Release|Any CPU
		{B2AB5720-D3A8-461D-8A76-9A62DD3AA165}.Release|Any CPU.Build.0 = Release|Any CPU
	EndGlobalSection
	GlobalSection(SolutionProperties) = preSolution
		HideSolutionNode = FALSE
	EndGlobalSection
	GlobalSection(ExtensibilityGlobals) = postSolution
		SolutionGuid = {45A0D635-3753-4BE2-A844-DD40DFA2BD74}
	EndGlobalSection
EndGlobal
