
Microsoft Visual Studio Solution File, Format Version 12.00
# Visual Studio Version 17
VisualStudioVersion = 17.5.33516.290
MinimumVisualStudioVersion = 10.0.40219.1
Project("{9A19103F-16F7-4668-BE54-9A1E7A4F7556}") = "inheritance1", "inheritance1\inheritance1.csproj", "{B8E242D6-F625-4EEE-BF75-7EA9CCAE2513}"
EndProject
Project("{FAE04EC0-301F-11D3-BF4B-00C04F79EFBC}") = "inheritance2", "inheritance2\inheritance2.csproj", "{45DCB98D-3195-4154-B721-13C7E2E76B3D}"
EndProject
Global
	GlobalSection(SolutionConfigurationPlatforms) = preSolution
		Debug|Any CPU = Debug|Any CPU
		Release|Any CPU = Release|Any CPU
	EndGlobalSection
	GlobalSection(ProjectConfigurationPlatforms) = postSolution
		{B8E242D6-F625-4EEE-BF75-7EA9CCAE2513}.Debug|Any CPU.ActiveCfg = Debug|Any CPU
		{B8E242D6-F625-4EEE-BF75-7EA9CCAE2513}.Debug|Any CPU.Build.0 = Debug|Any CPU
		{B8E242D6-F625-4EEE-BF75-7EA9CCAE2513}.Release|Any CPU.ActiveCfg = Release|Any CPU
		{B8E242D6-F625-4EEE-BF75-7EA9CCAE2513}.Release|Any CPU.Build.0 = Release|Any CPU
		{45DCB98D-3195-4154-B721-13C7E2E76B3D}.Debug|Any CPU.ActiveCfg = Debug|Any CPU
		{45DCB98D-3195-4154-B721-13C7E2E76B3D}.Debug|Any CPU.Build.0 = Debug|Any CPU
		{45DCB98D-3195-4154-B721-13C7E2E76B3D}.Release|Any CPU.ActiveCfg = Release|Any CPU
		{45DCB98D-3195-4154-B721-13C7E2E76B3D}.Release|Any CPU.Build.0 = Release|Any CPU
	EndGlobalSection
	GlobalSection(SolutionProperties) = preSolution
		HideSolutionNode = FALSE
	EndGlobalSection
	GlobalSection(ExtensibilityGlobals) = postSolution
		SolutionGuid = {A29CE957-DF20-4575-B6B2-A7A171548EBA}
	EndGlobalSection
EndGlobal
