
Microsoft Visual Studio Solution File, Format Version 12.00
# Visual Studio Version 17
VisualStudioVersion = 17.5.33516.290
MinimumVisualStudioVersion = 10.0.40219.1
Project("{9A19103F-16F7-4668-BE54-9A1E7A4F7556}") = "Delegates1", "Delegates1\Delegates1.csproj", "{5EECF1CF-E07D-4B11-B905-B6DE98086666}"
EndProject
Project("{FAE04EC0-301F-11D3-BF4B-00C04F79EFBC}") = "Genericdelegates", "Genericdelegates\Genericdelegates.csproj", "{A6D506D3-AE94-47AB-89FF-6258A9C26B05}"
EndProject
Global
	GlobalSection(SolutionConfigurationPlatforms) = preSolution
		Debug|Any CPU = Debug|Any CPU
		Release|Any CPU = Release|Any CPU
	EndGlobalSection
	GlobalSection(ProjectConfigurationPlatforms) = postSolution
		{5EECF1CF-E07D-4B11-B905-B6DE98086666}.Debug|Any CPU.ActiveCfg = Debug|Any CPU
		{5EECF1CF-E07D-4B11-B905-B6DE98086666}.Debug|Any CPU.Build.0 = Debug|Any CPU
		{5EECF1CF-E07D-4B11-B905-B6DE98086666}.Release|Any CPU.ActiveCfg = Release|Any CPU
		{5EECF1CF-E07D-4B11-B905-B6DE98086666}.Release|Any CPU.Build.0 = Release|Any CPU
		{A6D506D3-AE94-47AB-89FF-6258A9C26B05}.Debug|Any CPU.ActiveCfg = Debug|Any CPU
		{A6D506D3-AE94-47AB-89FF-6258A9C26B05}.Debug|Any CPU.Build.0 = Debug|Any CPU
		{A6D506D3-AE94-47AB-89FF-6258A9C26B05}.Release|Any CPU.ActiveCfg = Release|Any CPU
		{A6D506D3-AE94-47AB-89FF-6258A9C26B05}.Release|Any CPU.Build.0 = Release|Any CPU
	EndGlobalSection
	GlobalSection(SolutionProperties) = preSolution
		HideSolutionNode = FALSE
	EndGlobalSection
	GlobalSection(ExtensibilityGlobals) = postSolution
		SolutionGuid = {2C07A868-F1F0-42F3-B393-6C78ED937BC2}
	EndGlobalSection
EndGlobal
