
Microsoft Visual Studio Solution File, Format Version 12.00
# Visual Studio Version 17
VisualStudioVersion = 17.7.34031.279
MinimumVisualStudioVersion = 10.0.40219.1
Project("{FAE04EC0-301F-11D3-BF4B-00C04F79EFBC}") = "CFP15", "CFP15\CFP15.csproj", "{FD4D8A66-A39E-4ACF-A7F4-6DB393E6A44C}"
EndProject
Global
	GlobalSection(SolutionConfigurationPlatforms) = preSolution
		Debug|Any CPU = Debug|Any CPU
		Release|Any CPU = Release|Any CPU
	EndGlobalSection
	GlobalSection(ProjectConfigurationPlatforms) = postSolution
		{FD4D8A66-A39E-4ACF-A7F4-6DB393E6A44C}.Debug|Any CPU.ActiveCfg = Debug|Any CPU
		{FD4D8A66-A39E-4ACF-A7F4-6DB393E6A44C}.Debug|Any CPU.Build.0 = Debug|Any CPU
		{FD4D8A66-A39E-4ACF-A7F4-6DB393E6A44C}.Release|Any CPU.ActiveCfg = Release|Any CPU
		{FD4D8A66-A39E-4ACF-A7F4-6DB393E6A44C}.Release|Any CPU.Build.0 = Release|Any CPU
	EndGlobalSection
	GlobalSection(SolutionProperties) = preSolution
		HideSolutionNode = FALSE
	EndGlobalSection
	GlobalSection(ExtensibilityGlobals) = postSolution
		SolutionGuid = {F7B3E452-A022-42AA-9006-CD17D8B44908}
	EndGlobalSection
EndGlobal
