
Microsoft Visual Studio Solution File, Format Version 12.00
# Visual Studio Version 17
VisualStudioVersion = 17.7.34031.279
MinimumVisualStudioVersion = 10.0.40219.1
Project("{FAE04EC0-301F-11D3-BF4B-00C04F79EFBC}") = "CFP16", "CFP16\CFP16.csproj", "{97C94F96-761D-45C2-9E04-EE44C84F8E89}"
EndProject
Global
	GlobalSection(SolutionConfigurationPlatforms) = preSolution
		Debug|Any CPU = Debug|Any CPU
		Release|Any CPU = Release|Any CPU
	EndGlobalSection
	GlobalSection(ProjectConfigurationPlatforms) = postSolution
		{97C94F96-761D-45C2-9E04-EE44C84F8E89}.Debug|Any CPU.ActiveCfg = Debug|Any CPU
		{97C94F96-761D-45C2-9E04-EE44C84F8E89}.Debug|Any CPU.Build.0 = Debug|Any CPU
		{97C94F96-761D-45C2-9E04-EE44C84F8E89}.Release|Any CPU.ActiveCfg = Release|Any CPU
		{97C94F96-761D-45C2-9E04-EE44C84F8E89}.Release|Any CPU.Build.0 = Release|Any CPU
	EndGlobalSection
	GlobalSection(SolutionProperties) = preSolution
		HideSolutionNode = FALSE
	EndGlobalSection
	GlobalSection(ExtensibilityGlobals) = postSolution
		SolutionGuid = {C1BD0539-B9FB-4E72-A213-9BC3612BC094}
	EndGlobalSection
EndGlobal
