
Microsoft Visual Studio Solution File, Format Version 12.00
# Visual Studio Version 17
VisualStudioVersion = 17.7.34031.279
MinimumVisualStudioVersion = 10.0.40219.1
Project("{9A19103F-16F7-4668-BE54-9A1E7A4F7556}") = "CFP2-11Ado.NET", "CFP2-11\CFP2-11Ado.NET.csproj", "{CA246B07-4B50-414A-8381-BE2EDB288CCC}"
EndProject
Global
	GlobalSection(SolutionConfigurationPlatforms) = preSolution
		Debug|Any CPU = Debug|Any CPU
		Release|Any CPU = Release|Any CPU
	EndGlobalSection
	GlobalSection(ProjectConfigurationPlatforms) = postSolution
		{CA246B07-4B50-414A-8381-BE2EDB288CCC}.Debug|Any CPU.ActiveCfg = Debug|Any CPU
		{CA246B07-4B50-414A-8381-BE2EDB288CCC}.Debug|Any CPU.Build.0 = Debug|Any CPU
		{CA246B07-4B50-414A-8381-BE2EDB288CCC}.Release|Any CPU.ActiveCfg = Release|Any CPU
		{CA246B07-4B50-414A-8381-BE2EDB288CCC}.Release|Any CPU.Build.0 = Release|Any CPU
	EndGlobalSection
	GlobalSection(SolutionProperties) = preSolution
		HideSolutionNode = FALSE
	EndGlobalSection
	GlobalSection(ExtensibilityGlobals) = postSolution
		SolutionGuid = {97EB843E-A3D2-4D08-90E7-6A07D0E89D7B}
	EndGlobalSection
EndGlobal
