
Microsoft Visual Studio Solution File, Format Version 12.00
# Visual Studio Version 17
VisualStudioVersion = 17.7.34031.279
MinimumVisualStudioVersion = 10.0.40219.1
Project("{FAE04EC0-301F-11D3-BF4B-00C04F79EFBC}") = "Cfp14", "Cfp14\Cfp14.csproj", "{E01F5D73-E403-414C-BE2D-B0CFACEE8E12}"
EndProject
Project("{FAE04EC0-301F-11D3-BF4B-00C04F79EFBC}") = "Cfp14a", "Cfp14a\Cfp14a.csproj", "{E7C3CBD3-BD38-4FA1-976D-5ABF33BED44F}"
EndProject
Global
	GlobalSection(SolutionConfigurationPlatforms) = preSolution
		Debug|Any CPU = Debug|Any CPU
		Release|Any CPU = Release|Any CPU
	EndGlobalSection
	GlobalSection(ProjectConfigurationPlatforms) = postSolution
		{E01F5D73-E403-414C-BE2D-B0CFACEE8E12}.Debug|Any CPU.ActiveCfg = Debug|Any CPU
		{E01F5D73-E403-414C-BE2D-B0CFACEE8E12}.Debug|Any CPU.Build.0 = Debug|Any CPU
		{E01F5D73-E403-414C-BE2D-B0CFACEE8E12}.Release|Any CPU.ActiveCfg = Release|Any CPU
		{E01F5D73-E403-414C-BE2D-B0CFACEE8E12}.Release|Any CPU.Build.0 = Release|Any CPU
		{E7C3CBD3-BD38-4FA1-976D-5ABF33BED44F}.Debug|Any CPU.ActiveCfg = Debug|Any CPU
		{E7C3CBD3-BD38-4FA1-976D-5ABF33BED44F}.Debug|Any CPU.Build.0 = Debug|Any CPU
		{E7C3CBD3-BD38-4FA1-976D-5ABF33BED44F}.Release|Any CPU.ActiveCfg = Release|Any CPU
		{E7C3CBD3-BD38-4FA1-976D-5ABF33BED44F}.Release|Any CPU.Build.0 = Release|Any CPU
	EndGlobalSection
	GlobalSection(SolutionProperties) = preSolution
		HideSolutionNode = FALSE
	EndGlobalSection
	GlobalSection(ExtensibilityGlobals) = postSolution
		SolutionGuid = {779BD274-7F77-41DD-B0D3-A8007D9547E9}
	EndGlobalSection
EndGlobal
