
Microsoft Visual Studio Solution File, Format Version 12.00
# Visual Studio Version 17
VisualStudioVersion = 17.7.34031.279
MinimumVisualStudioVersion = 10.0.40219.1
Project("{9A19103F-16F7-4668-BE54-9A1E7A4F7556}") = "Cfp", "Cfp\Cfp.csproj", "{702C4178-B627-41D0-9BCD-EF94F8A74941}"
EndProject
Project("{FAE04EC0-301F-11D3-BF4B-00C04F79EFBC}") = "Cfp10", "Cfp10\Cfp10.csproj", "{56BEEA9E-FB32-4655-879A-BE0F1FA26034}"
EndProject
Global
	GlobalSection(SolutionConfigurationPlatforms) = preSolution
		Debug|Any CPU = Debug|Any CPU
		Release|Any CPU = Release|Any CPU
	EndGlobalSection
	GlobalSection(ProjectConfigurationPlatforms) = postSolution
		{702C4178-B627-41D0-9BCD-EF94F8A74941}.Debug|Any CPU.ActiveCfg = Debug|Any CPU
		{702C4178-B627-41D0-9BCD-EF94F8A74941}.Debug|Any CPU.Build.0 = Debug|Any CPU
		{702C4178-B627-41D0-9BCD-EF94F8A74941}.Release|Any CPU.ActiveCfg = Release|Any CPU
		{702C4178-B627-41D0-9BCD-EF94F8A74941}.Release|Any CPU.Build.0 = Release|Any CPU
		{56BEEA9E-FB32-4655-879A-BE0F1FA26034}.Debug|Any CPU.ActiveCfg = Debug|Any CPU
		{56BEEA9E-FB32-4655-879A-BE0F1FA26034}.Debug|Any CPU.Build.0 = Debug|Any CPU
		{56BEEA9E-FB32-4655-879A-BE0F1FA26034}.Release|Any CPU.ActiveCfg = Release|Any CPU
		{56BEEA9E-FB32-4655-879A-BE0F1FA26034}.Release|Any CPU.Build.0 = Release|Any CPU
	EndGlobalSection
	GlobalSection(SolutionProperties) = preSolution
		HideSolutionNode = FALSE
	EndGlobalSection
	GlobalSection(ExtensibilityGlobals) = postSolution
		SolutionGuid = {7370CCD2-6203-4E07-8A79-228B35908D96}
	EndGlobalSection
EndGlobal
